
Microsoft Visual Studio Solution File, Format Version 12.00
# Visual Studio Version 17
VisualStudioVersion = 17.9.34728.123
MinimumVisualStudioVersion = 10.0.40219.1
Project("{9A19103F-16F7-4668-BE54-9A1E7A4F7556}") = "agenda-contacto-backend", "Agenda de contactos\agenda-contacto-backend.csproj", "{B570856D-FD20-4DFD-B407-E7E80C25EE05}"
EndProject
Global
	GlobalSection(SolutionConfigurationPlatforms) = preSolution
		Debug|Any CPU = Debug|Any CPU
		Release|Any CPU = Release|Any CPU
	EndGlobalSection
	GlobalSection(ProjectConfigurationPlatforms) = postSolution
		{B570856D-FD20-4DFD-B407-E7E80C25EE05}.Debug|Any CPU.ActiveCfg = Debug|Any CPU
		{B570856D-FD20-4DFD-B407-E7E80C25EE05}.Debug|Any CPU.Build.0 = Debug|Any CPU
		{B570856D-FD20-4DFD-B407-E7E80C25EE05}.Release|Any CPU.ActiveCfg = Release|Any CPU
		{B570856D-FD20-4DFD-B407-E7E80C25EE05}.Release|Any CPU.Build.0 = Release|Any CPU
	EndGlobalSection
	GlobalSection(SolutionProperties) = preSolution
		HideSolutionNode = FALSE
	EndGlobalSection
	GlobalSection(ExtensibilityGlobals) = postSolution
		SolutionGuid = {0CE3FFCA-F9E2-487D-A809-C7B720F57391}
	EndGlobalSection
EndGlobal
